
Microsoft Visual Studio Solution File, Format Version 12.00
Project("{FAE04EC0-301F-11D3-BF4B-00C04F79EFBC}") = "GoogleFormsClone", "GoogleFormsClone.csproj", "{FC123B66-ECDB-40CB-8F70-D85BCCC95877}"
EndProject
Global
	GlobalSection(SolutionConfigurationPlatforms) = preSolution
		Debug|Any CPU = Debug|Any CPU
		Release|Any CPU = Release|Any CPU
	EndGlobalSection
	GlobalSection(ProjectConfigurationPlatforms) = postSolution
		{FC123B66-ECDB-40CB-8F70-D85BCCC95877}.Debug|Any CPU.ActiveCfg = Debug|Any CPU
		{FC123B66-ECDB-40CB-8F70-D85BCCC95877}.Debug|Any CPU.Build.0 = Debug|Any CPU
		{FC123B66-ECDB-40CB-8F70-D85BCCC95877}.Release|Any CPU.ActiveCfg = Release|Any CPU
		{FC123B66-ECDB-40CB-8F70-D85BCCC95877}.Release|Any CPU.Build.0 = Release|Any CPU
	EndGlobalSection
EndGlobal
